
Microsoft Visual Studio Solution File, Format Version 12.00
# Visual Studio Version 16
VisualStudioVersion = 16.0.31515.178
MinimumVisualStudioVersion = 10.0.40219.1
Project("{888888A0-9F3D-457C-B088-3A5042F75D52}") = "Extract playlist", "Extract playlist.pyproj", "{02E9E01A-63C3-400A-9523-31166C1E06CD}"
EndProject
Global
	GlobalSection(SolutionConfigurationPlatforms) = preSolution
		Debug|Any CPU = Debug|Any CPU
		Release|Any CPU = Release|Any CPU
	EndGlobalSection
	GlobalSection(ProjectConfigurationPlatforms) = postSolution
		{02E9E01A-63C3-400A-9523-31166C1E06CD}.Debug|Any CPU.ActiveCfg = Debug|Any CPU
		{02E9E01A-63C3-400A-9523-31166C1E06CD}.Release|Any CPU.ActiveCfg = Release|Any CPU
	EndGlobalSection
	GlobalSection(SolutionProperties) = preSolution
		HideSolutionNode = FALSE
	EndGlobalSection
	GlobalSection(ExtensibilityGlobals) = postSolution
		SolutionGuid = {B859D372-4523-4470-92FA-3C5C45471977}
	EndGlobalSection
EndGlobal
